// !$*UTF8*$!
{
	archiveVersion = 1;
	classes = {
	};
	objectVersion = 56;
	objects = {

/* Begin PBXBuildFile section */
		5C1A654E2B83A84200BD8E4D /* Extension+UIView.swift in Sources */ = {isa = PBXBuildFile; fileRef = 5C1A654D2B83A84200BD8E4D /* Extension+UIView.swift */; };
		5C1A65502B83B76D00BD8E4D /* MatchView.swift in Sources */ = {isa = PBXBuildFile; fileRef = 5C1A654F2B83B76D00BD8E4D /* MatchView.swift */; };
		5C1A65522B84BF5200BD8E4D /* GradientButton.swift in Sources */ = {isa = PBXBuildFile; fileRef = 5C1A65512B84BF5200BD8E4D /* GradientButton.swift */; };
		5C1A65542B84C26200BD8E4D /* GradientButtonBorder.swift in Sources */ = {isa = PBXBuildFile; fileRef = 5C1A65532B84C26200BD8E4D /* GradientButtonBorder.swift */; };
		5C1B0DB32B6524810094915B /* AppDelegate.swift in Sources */ = {isa = PBXBuildFile; fileRef = 5C1B0DB22B6524810094915B /* AppDelegate.swift */; };
		5C1B0DB52B6524810094915B /* SceneDelegate.swift in Sources */ = {isa = PBXBuildFile; fileRef = 5C1B0DB42B6524810094915B /* SceneDelegate.swift */; };
		5C1B0DB72B6524810094915B /* HomeController.swift in Sources */ = {isa = PBXBuildFile; fileRef = 5C1B0DB62B6524810094915B /* HomeController.swift */; };
		5C1B0DBA2B6524810094915B /* Main.storyboard in Resources */ = {isa = PBXBuildFile; fileRef = 5C1B0DB82B6524810094915B /* Main.storyboard */; };
		5C1B0DBC2B6524820094915B /* Assets.xcassets in Resources */ = {isa = PBXBuildFile; fileRef = 5C1B0DBB2B6524820094915B /* Assets.xcassets */; };
		5C1B0DBF2B6524820094915B /* LaunchScreen.storyboard in Resources */ = {isa = PBXBuildFile; fileRef = 5C1B0DBD2B6524820094915B /* LaunchScreen.storyboard */; };
		5C1F0EBA2B70FB4C003B716B /* SettingsController.swift in Sources */ = {isa = PBXBuildFile; fileRef = 5C1F0EB92B70FB4C003B716B /* SettingsController.swift */; };
		5C1F0EBD2B72139C003B716B /* SettingsCell.swift in Sources */ = {isa = PBXBuildFile; fileRef = 5C1F0EBC2B72139C003B716B /* SettingsCell.swift */; };
		5C3A46E02B7B55AB00DB0C9C /* DetailController.swift in Sources */ = {isa = PBXBuildFile; fileRef = 5C3A46DF2B7B55AB00DB0C9C /* DetailController.swift */; };
		5C3A46E62B7CEB4000DB0C9C /* SwipingPhotosController.swift in Sources */ = {isa = PBXBuildFile; fileRef = 5C3A46E52B7CEB4000DB0C9C /* SwipingPhotosController.swift */; };
		5C588F9D2B76269200CD7478 /* AgeRangeCell.swift in Sources */ = {isa = PBXBuildFile; fileRef = 5C588F9C2B76269200CD7478 /* AgeRangeCell.swift */; };
		5C588FA32B7A1A1200CD7478 /* LoginController.swift in Sources */ = {isa = PBXBuildFile; fileRef = 5C588FA22B7A1A1200CD7478 /* LoginController.swift */; };
		5C588FA82B7A34D800CD7478 /* LoginViewModel.swift in Sources */ = {isa = PBXBuildFile; fileRef = 5C588FA72B7A34D800CD7478 /* LoginViewModel.swift */; };
		5C69CCB32B6BBDFD00D6125B /* RegistrationViewModel.swift in Sources */ = {isa = PBXBuildFile; fileRef = 5C69CCB22B6BBDFD00D6125B /* RegistrationViewModel.swift */; };
		5C69CCB62B6BF55800D6125B /* FirebaseAnalytics in Frameworks */ = {isa = PBXBuildFile; productRef = 5C69CCB52B6BF55800D6125B /* FirebaseAnalytics */; };
		5C69CCB82B6BF55800D6125B /* FirebaseAnalyticsOnDeviceConversion in Frameworks */ = {isa = PBXBuildFile; productRef = 5C69CCB72B6BF55800D6125B /* FirebaseAnalyticsOnDeviceConversion */; };
		5C69CCBA2B6BF55800D6125B /* FirebaseAnalyticsSwift in Frameworks */ = {isa = PBXBuildFile; productRef = 5C69CCB92B6BF55800D6125B /* FirebaseAnalyticsSwift */; };
		5C69CCBC2B6BF55800D6125B /* FirebaseAnalyticsWithoutAdIdSupport in Frameworks */ = {isa = PBXBuildFile; productRef = 5C69CCBB2B6BF55800D6125B /* FirebaseAnalyticsWithoutAdIdSupport */; };
		5C69CCBE2B6BF55800D6125B /* FirebaseAppCheck in Frameworks */ = {isa = PBXBuildFile; productRef = 5C69CCBD2B6BF55800D6125B /* FirebaseAppCheck */; };
		5C69CCC02B6BF55800D6125B /* FirebaseAppDistribution-Beta in Frameworks */ = {isa = PBXBuildFile; productRef = 5C69CCBF2B6BF55800D6125B /* FirebaseAppDistribution-Beta */; };
		5C69CCC22B6BF55800D6125B /* FirebaseAuth in Frameworks */ = {isa = PBXBuildFile; productRef = 5C69CCC12B6BF55800D6125B /* FirebaseAuth */; };
		5C69CCC42B6BF55800D6125B /* FirebaseAuthCombine-Community in Frameworks */ = {isa = PBXBuildFile; productRef = 5C69CCC32B6BF55800D6125B /* FirebaseAuthCombine-Community */; };
		5C69CCC62B6BF55800D6125B /* FirebaseCrashlytics in Frameworks */ = {isa = PBXBuildFile; productRef = 5C69CCC52B6BF55800D6125B /* FirebaseCrashlytics */; };
		5C69CCC82B6BF55800D6125B /* FirebaseDatabase in Frameworks */ = {isa = PBXBuildFile; productRef = 5C69CCC72B6BF55800D6125B /* FirebaseDatabase */; };
		5C69CCCA2B6BF55800D6125B /* FirebaseDatabaseSwift in Frameworks */ = {isa = PBXBuildFile; productRef = 5C69CCC92B6BF55800D6125B /* FirebaseDatabaseSwift */; };
		5C69CCCC2B6BF55800D6125B /* FirebaseDynamicLinks in Frameworks */ = {isa = PBXBuildFile; productRef = 5C69CCCB2B6BF55800D6125B /* FirebaseDynamicLinks */; };
		5C69CCCE2B6BF55800D6125B /* FirebaseFirestore in Frameworks */ = {isa = PBXBuildFile; productRef = 5C69CCCD2B6BF55800D6125B /* FirebaseFirestore */; };
		5C69CCD02B6BF55800D6125B /* FirebaseFirestoreCombine-Community in Frameworks */ = {isa = PBXBuildFile; productRef = 5C69CCCF2B6BF55800D6125B /* FirebaseFirestoreCombine-Community */; };
		5C69CCD22B6BF55800D6125B /* FirebaseFirestoreSwift in Frameworks */ = {isa = PBXBuildFile; productRef = 5C69CCD12B6BF55800D6125B /* FirebaseFirestoreSwift */; };
		5C69CCD42B6BF55800D6125B /* FirebaseFunctions in Frameworks */ = {isa = PBXBuildFile; productRef = 5C69CCD32B6BF55800D6125B /* FirebaseFunctions */; };
		5C69CCD62B6BF55800D6125B /* FirebaseFunctionsCombine-Community in Frameworks */ = {isa = PBXBuildFile; productRef = 5C69CCD52B6BF55800D6125B /* FirebaseFunctionsCombine-Community */; };
		5C69CCD82B6BF55800D6125B /* FirebaseInAppMessaging-Beta in Frameworks */ = {isa = PBXBuildFile; productRef = 5C69CCD72B6BF55800D6125B /* FirebaseInAppMessaging-Beta */; };
		5C69CCDA2B6BF55800D6125B /* FirebaseInAppMessagingSwift-Beta in Frameworks */ = {isa = PBXBuildFile; productRef = 5C69CCD92B6BF55800D6125B /* FirebaseInAppMessagingSwift-Beta */; };
		5C69CCDC2B6BF55800D6125B /* FirebaseInstallations in Frameworks */ = {isa = PBXBuildFile; productRef = 5C69CCDB2B6BF55800D6125B /* FirebaseInstallations */; };
		5C69CCDE2B6BF55800D6125B /* FirebaseMLModelDownloader in Frameworks */ = {isa = PBXBuildFile; productRef = 5C69CCDD2B6BF55800D6125B /* FirebaseMLModelDownloader */; };
		5C69CCE02B6BF55800D6125B /* FirebaseMessaging in Frameworks */ = {isa = PBXBuildFile; productRef = 5C69CCDF2B6BF55800D6125B /* FirebaseMessaging */; };
		5C69CCE22B6BF55800D6125B /* FirebasePerformance in Frameworks */ = {isa = PBXBuildFile; productRef = 5C69CCE12B6BF55800D6125B /* FirebasePerformance */; };
		5C69CCE42B6BF55800D6125B /* FirebaseRemoteConfig in Frameworks */ = {isa = PBXBuildFile; productRef = 5C69CCE32B6BF55800D6125B /* FirebaseRemoteConfig */; };
		5C69CCE62B6BF55800D6125B /* FirebaseRemoteConfigSwift in Frameworks */ = {isa = PBXBuildFile; productRef = 5C69CCE52B6BF55800D6125B /* FirebaseRemoteConfigSwift */; };
		5C69CCE82B6BF55800D6125B /* FirebaseStorage in Frameworks */ = {isa = PBXBuildFile; productRef = 5C69CCE72B6BF55800D6125B /* FirebaseStorage */; };
		5C69CCEA2B6BF55800D6125B /* FirebaseStorageCombine-Community in Frameworks */ = {isa = PBXBuildFile; productRef = 5C69CCE92B6BF55800D6125B /* FirebaseStorageCombine-Community */; };
		5C69CCEC2B6BFC5000D6125B /* GoogleService-Info.plist in Resources */ = {isa = PBXBuildFile; fileRef = 5C69CCEB2B6BFC5000D6125B /* GoogleService-Info.plist */; };
		5C69CCEF2B6C026300D6125B /* JGProgressHUD in Frameworks */ = {isa = PBXBuildFile; productRef = 5C69CCEE2B6C026300D6125B /* JGProgressHUD */; };
		5C69CCF12B6CCCCF00D6125B /* Bindable.swift in Sources */ = {isa = PBXBuildFile; fileRef = 5C69CCF02B6CCCCF00D6125B /* Bindable.swift */; };
		5C69CCF42B6D2FD300D6125B /* SDWebImage in Frameworks */ = {isa = PBXBuildFile; productRef = 5C69CCF32B6D2FD300D6125B /* SDWebImage */; };
		5C69CCF62B6D2FD300D6125B /* SDWebImageMapKit in Frameworks */ = {isa = PBXBuildFile; productRef = 5C69CCF52B6D2FD300D6125B /* SDWebImageMapKit */; };
		5C8844C52B66DB1B0041B9DA /* HomeBottomControlsStackView.swift in Sources */ = {isa = PBXBuildFile; fileRef = 5C8844C42B66DB1B0041B9DA /* HomeBottomControlsStackView.swift */; };
		5C8844C72B66E1B40041B9DA /* TopNavigationStackView.swift in Sources */ = {isa = PBXBuildFile; fileRef = 5C8844C62B66E1B40041B9DA /* TopNavigationStackView.swift */; };
		5C8844C92B678FB40041B9DA /* CardView.swift in Sources */ = {isa = PBXBuildFile; fileRef = 5C8844C82B678FB40041B9DA /* CardView.swift */; };
		5C8844CC2B67B4AB0041B9DA /* User.swift in Sources */ = {isa = PBXBuildFile; fileRef = 5C8844CB2B67B4AB0041B9DA /* User.swift */; };
		5C8844CE2B67C5640041B9DA /* VerticalStackView.swift in Sources */ = {isa = PBXBuildFile; fileRef = 5C8844CD2B67C5640041B9DA /* VerticalStackView.swift */; };
		5C8844D22B67D9860041B9DA /* CardViewModel.swift in Sources */ = {isa = PBXBuildFile; fileRef = 5C8844D12B67D9860041B9DA /* CardViewModel.swift */; };
		5C8844D42B68D8E90041B9DA /* Advertiser.swift in Sources */ = {isa = PBXBuildFile; fileRef = 5C8844D32B68D8E90041B9DA /* Advertiser.swift */; };
		5C8844D62B6A4E270041B9DA /* RegistrationController.swift in Sources */ = {isa = PBXBuildFile; fileRef = 5C8844D52B6A4E270041B9DA /* RegistrationController.swift */; };
		5C8844D82B6ABBBF0041B9DA /* CustomTextfield.swift in Sources */ = {isa = PBXBuildFile; fileRef = 5C8844D72B6ABBBF0041B9DA /* CustomTextfield.swift */; };
		5CBA60602B7FED7900127118 /* PhotoController.swift in Sources */ = {isa = PBXBuildFile; fileRef = 5CBA605F2B7FED7900127118 /* PhotoController.swift */; };
		5CF3148E2B85E5DA00541309 /* MessageController.swift in Sources */ = {isa = PBXBuildFile; fileRef = 5CF3148D2B85E5DA00541309 /* MessageController.swift */; };
		5CF314912B85F08500541309 /* LBTATools in Frameworks */ = {isa = PBXBuildFile; productRef = 5CF314902B85F08500541309 /* LBTATools */; };
		5CF314932B861E3900541309 /* MessageCustomNavBar.swift in Sources */ = {isa = PBXBuildFile; fileRef = 5CF314922B861E3900541309 /* MessageCustomNavBar.swift */; };
/* End PBXBuildFile section */

/* Begin PBXFileReference section */
		5C1A654D2B83A84200BD8E4D /* Extension+UIView.swift */ = {isa = PBXFileReference; lastKnownFileType = sourcecode.swift; path = "Extension+UIView.swift"; sourceTree = "<group>"; };
		5C1A654F2B83B76D00BD8E4D /* MatchView.swift */ = {isa = PBXFileReference; lastKnownFileType = sourcecode.swift; path = MatchView.swift; sourceTree = "<group>"; };
		5C1A65512B84BF5200BD8E4D /* GradientButton.swift */ = {isa = PBXFileReference; lastKnownFileType = sourcecode.swift; path = GradientButton.swift; sourceTree = "<group>"; };
		5C1A65532B84C26200BD8E4D /* GradientButtonBorder.swift */ = {isa = PBXFileReference; lastKnownFileType = sourcecode.swift; path = GradientButtonBorder.swift; sourceTree = "<group>"; };
		5C1B0DAF2B6524810094915B /* Tinder.app */ = {isa = PBXFileReference; explicitFileType = wrapper.application; includeInIndex = 0; path = Tinder.app; sourceTree = BUILT_PRODUCTS_DIR; };
		5C1B0DB22B6524810094915B /* AppDelegate.swift */ = {isa = PBXFileReference; lastKnownFileType = sourcecode.swift; path = AppDelegate.swift; sourceTree = "<group>"; };
		5C1B0DB42B6524810094915B /* SceneDelegate.swift */ = {isa = PBXFileReference; lastKnownFileType = sourcecode.swift; path = SceneDelegate.swift; sourceTree = "<group>"; };
		5C1B0DB62B6524810094915B /* HomeController.swift */ = {isa = PBXFileReference; lastKnownFileType = sourcecode.swift; path = HomeController.swift; sourceTree = "<group>"; };
		5C1B0DB92B6524810094915B /* Base */ = {isa = PBXFileReference; lastKnownFileType = file.storyboard; name = Base; path = Base.lproj/Main.storyboard; sourceTree = "<group>"; };
		5C1B0DBB2B6524820094915B /* Assets.xcassets */ = {isa = PBXFileReference; lastKnownFileType = folder.assetcatalog; path = Assets.xcassets; sourceTree = "<group>"; };
		5C1B0DBE2B6524820094915B /* Base */ = {isa = PBXFileReference; lastKnownFileType = file.storyboard; name = Base; path = Base.lproj/LaunchScreen.storyboard; sourceTree = "<group>"; };
		5C1B0DC02B6524820094915B /* Info.plist */ = {isa = PBXFileReference; lastKnownFileType = text.plist.xml; path = Info.plist; sourceTree = "<group>"; };
		5C1F0EB92B70FB4C003B716B /* SettingsController.swift */ = {isa = PBXFileReference; lastKnownFileType = sourcecode.swift; path = SettingsController.swift; sourceTree = "<group>"; };
		5C1F0EBC2B72139C003B716B /* SettingsCell.swift */ = {isa = PBXFileReference; lastKnownFileType = sourcecode.swift; path = SettingsCell.swift; sourceTree = "<group>"; };
		5C3A46DF2B7B55AB00DB0C9C /* DetailController.swift */ = {isa = PBXFileReference; lastKnownFileType = sourcecode.swift; path = DetailController.swift; sourceTree = "<group>"; };
		5C3A46E52B7CEB4000DB0C9C /* SwipingPhotosController.swift */ = {isa = PBXFileReference; lastKnownFileType = sourcecode.swift; path = SwipingPhotosController.swift; sourceTree = "<group>"; };
		5C588F9C2B76269200CD7478 /* AgeRangeCell.swift */ = {isa = PBXFileReference; lastKnownFileType = sourcecode.swift; path = AgeRangeCell.swift; sourceTree = "<group>"; };
		5C588FA22B7A1A1200CD7478 /* LoginController.swift */ = {isa = PBXFileReference; lastKnownFileType = sourcecode.swift; path = LoginController.swift; sourceTree = "<group>"; };
		5C588FA72B7A34D800CD7478 /* LoginViewModel.swift */ = {isa = PBXFileReference; lastKnownFileType = sourcecode.swift; path = LoginViewModel.swift; sourceTree = "<group>"; };
		5C69CCB22B6BBDFD00D6125B /* RegistrationViewModel.swift */ = {isa = PBXFileReference; lastKnownFileType = sourcecode.swift; path = RegistrationViewModel.swift; sourceTree = "<group>"; };
		5C69CCEB2B6BFC5000D6125B /* GoogleService-Info.plist */ = {isa = PBXFileReference; fileEncoding = 4; lastKnownFileType = text.plist.xml; path = "GoogleService-Info.plist"; sourceTree = "<group>"; };
		5C69CCF02B6CCCCF00D6125B /* Bindable.swift */ = {isa = PBXFileReference; lastKnownFileType = sourcecode.swift; path = Bindable.swift; sourceTree = "<group>"; };
		5C8844C42B66DB1B0041B9DA /* HomeBottomControlsStackView.swift */ = {isa = PBXFileReference; lastKnownFileType = sourcecode.swift; path = HomeBottomControlsStackView.swift; sourceTree = "<group>"; };
		5C8844C62B66E1B40041B9DA /* TopNavigationStackView.swift */ = {isa = PBXFileReference; lastKnownFileType = sourcecode.swift; path = TopNavigationStackView.swift; sourceTree = "<group>"; };
		5C8844C82B678FB40041B9DA /* CardView.swift */ = {isa = PBXFileReference; lastKnownFileType = sourcecode.swift; path = CardView.swift; sourceTree = "<group>"; };
		5C8844CB2B67B4AB0041B9DA /* User.swift */ = {isa = PBXFileReference; lastKnownFileType = sourcecode.swift; path = User.swift; sourceTree = "<group>"; };
		5C8844CD2B67C5640041B9DA /* VerticalStackView.swift */ = {isa = PBXFileReference; fileEncoding = 4; lastKnownFileType = sourcecode.swift; path = VerticalStackView.swift; sourceTree = "<group>"; };
		5C8844D12B67D9860041B9DA /* CardViewModel.swift */ = {isa = PBXFileReference; lastKnownFileType = sourcecode.swift; path = CardViewModel.swift; sourceTree = "<group>"; };
		5C8844D32B68D8E90041B9DA /* Advertiser.swift */ = {isa = PBXFileReference; lastKnownFileType = sourcecode.swift; path = Advertiser.swift; sourceTree = "<group>"; };
		5C8844D52B6A4E270041B9DA /* RegistrationController.swift */ = {isa = PBXFileReference; lastKnownFileType = sourcecode.swift; path = RegistrationController.swift; sourceTree = "<group>"; };
		5C8844D72B6ABBBF0041B9DA /* CustomTextfield.swift */ = {isa = PBXFileReference; lastKnownFileType = sourcecode.swift; path = CustomTextfield.swift; sourceTree = "<group>"; };
		5CBA605F2B7FED7900127118 /* PhotoController.swift */ = {isa = PBXFileReference; lastKnownFileType = sourcecode.swift; path = PhotoController.swift; sourceTree = "<group>"; };
		5CF3148D2B85E5DA00541309 /* MessageController.swift */ = {isa = PBXFileReference; lastKnownFileType = sourcecode.swift; path = MessageController.swift; sourceTree = "<group>"; };
		5CF314922B861E3900541309 /* MessageCustomNavBar.swift */ = {isa = PBXFileReference; lastKnownFileType = sourcecode.swift; path = MessageCustomNavBar.swift; sourceTree = "<group>"; };
/* End PBXFileReference section */

/* Begin PBXFrameworksBuildPhase section */
		5C1B0DAC2B6524810094915B /* Frameworks */ = {
			isa = PBXFrameworksBuildPhase;
			buildActionMask = 2147483647;
			files = (
				5C69CCC82B6BF55800D6125B /* FirebaseDatabase in Frameworks */,
				5C69CCD62B6BF55800D6125B /* FirebaseFunctionsCombine-Community in Frameworks */,
				5C69CCCE2B6BF55800D6125B /* FirebaseFirestore in Frameworks */,
				5C69CCBA2B6BF55800D6125B /* FirebaseAnalyticsSwift in Frameworks */,
				5C69CCB62B6BF55800D6125B /* FirebaseAnalytics in Frameworks */,
				5C69CCB82B6BF55800D6125B /* FirebaseAnalyticsOnDeviceConversion in Frameworks */,
				5C69CCDE2B6BF55800D6125B /* FirebaseMLModelDownloader in Frameworks */,
				5C69CCF42B6D2FD300D6125B /* SDWebImage in Frameworks */,
				5C69CCD22B6BF55800D6125B /* FirebaseFirestoreSwift in Frameworks */,
				5C69CCEF2B6C026300D6125B /* JGProgressHUD in Frameworks */,
				5C69CCBE2B6BF55800D6125B /* FirebaseAppCheck in Frameworks */,
				5C69CCBC2B6BF55800D6125B /* FirebaseAnalyticsWithoutAdIdSupport in Frameworks */,
				5C69CCC22B6BF55800D6125B /* FirebaseAuth in Frameworks */,
				5C69CCC62B6BF55800D6125B /* FirebaseCrashlytics in Frameworks */,
				5C69CCE62B6BF55800D6125B /* FirebaseRemoteConfigSwift in Frameworks */,
				5C69CCD82B6BF55800D6125B /* FirebaseInAppMessaging-Beta in Frameworks */,
				5C69CCF62B6D2FD300D6125B /* SDWebImageMapKit in Frameworks */,
				5C69CCCA2B6BF55800D6125B /* FirebaseDatabaseSwift in Frameworks */,
				5C69CCD42B6BF55800D6125B /* FirebaseFunctions in Frameworks */,
				5C69CCEA2B6BF55800D6125B /* FirebaseStorageCombine-Community in Frameworks */,
				5C69CCE42B6BF55800D6125B /* FirebaseRemoteConfig in Frameworks */,
				5C69CCC02B6BF55800D6125B /* FirebaseAppDistribution-Beta in Frameworks */,
				5C69CCC42B6BF55800D6125B /* FirebaseAuthCombine-Community in Frameworks */,
				5C69CCE22B6BF55800D6125B /* FirebasePerformance in Frameworks */,
				5CF314912B85F08500541309 /* LBTATools in Frameworks */,
				5C69CCDA2B6BF55800D6125B /* FirebaseInAppMessagingSwift-Beta in Frameworks */,
				5C69CCE82B6BF55800D6125B /* FirebaseStorage in Frameworks */,
				5C69CCCC2B6BF55800D6125B /* FirebaseDynamicLinks in Frameworks */,
				5C69CCD02B6BF55800D6125B /* FirebaseFirestoreCombine-Community in Frameworks */,
				5C69CCE02B6BF55800D6125B /* FirebaseMessaging in Frameworks */,
				5C69CCDC2B6BF55800D6125B /* FirebaseInstallations in Frameworks */,
			);
			runOnlyForDeploymentPostprocessing = 0;
		};
/* End PBXFrameworksBuildPhase section */

/* Begin PBXGroup section */
		5C1B0DA62B6524810094915B = {
			isa = PBXGroup;
			children = (
				5C1B0DB12B6524810094915B /* Tinder */,
				5C1B0DB02B6524810094915B /* Products */,
			);
			sourceTree = "<group>";
		};
		5C1B0DB02B6524810094915B /* Products */ = {
			isa = PBXGroup;
			children = (
				5C1B0DAF2B6524810094915B /* Tinder.app */,
			);
			name = Products;
			sourceTree = "<group>";
		};
		5C1B0DB12B6524810094915B /* Tinder */ = {
			isa = PBXGroup;
			children = (
				5C8844CA2B67B4A20041B9DA /* Model */,
				5C8844C32B66DB010041B9DA /* Views */,
				5C8844D02B67D9700041B9DA /* ViewModels */,
				5C8844CF2B67D58B0041B9DA /* Controllers */,
				5C8844C02B6537570041B9DA /* Extensions */,
				5C588FA62B7A1E6F00CD7478 /* Helper */,
				5C1B0DB22B6524810094915B /* AppDelegate.swift */,
				5C1B0DB42B6524810094915B /* SceneDelegate.swift */,
				5C1B0DB82B6524810094915B /* Main.storyboard */,
				5C1B0DBB2B6524820094915B /* Assets.xcassets */,
				5C1B0DBD2B6524820094915B /* LaunchScreen.storyboard */,
				5C1B0DC02B6524820094915B /* Info.plist */,
				5C69CCEB2B6BFC5000D6125B /* GoogleService-Info.plist */,
			);
			path = Tinder;
			sourceTree = "<group>";
		};
		5C1F0EBB2B72113B003B716B /* Cell */ = {
			isa = PBXGroup;
			children = (
				5C1F0EBC2B72139C003B716B /* SettingsCell.swift */,
				5C588F9C2B76269200CD7478 /* AgeRangeCell.swift */,
			);
			path = Cell;
			sourceTree = "<group>";
		};
		5C3A46E22B7CEAE700DB0C9C /* User Details */ = {
			isa = PBXGroup;
			children = (
				5C3A46DF2B7B55AB00DB0C9C /* DetailController.swift */,
				5C3A46E52B7CEB4000DB0C9C /* SwipingPhotosController.swift */,
				5CBA605F2B7FED7900127118 /* PhotoController.swift */,
			);
			path = "User Details";
			sourceTree = "<group>";
		};
		5C588FA62B7A1E6F00CD7478 /* Helper */ = {
			isa = PBXGroup;
			children = (
				5C8844D72B6ABBBF0041B9DA /* CustomTextfield.swift */,
				5CF314922B861E3900541309 /* MessageCustomNavBar.swift */,
			);
			path = Helper;
			sourceTree = "<group>";
		};
		5C8844C02B6537570041B9DA /* Extensions */ = {
			isa = PBXGroup;
			children = (
				5C8844CD2B67C5640041B9DA /* VerticalStackView.swift */,
				5C1A654D2B83A84200BD8E4D /* Extension+UIView.swift */,
				5C1A65512B84BF5200BD8E4D /* GradientButton.swift */,
				5C1A65532B84C26200BD8E4D /* GradientButtonBorder.swift */,
			);
			path = Extensions;
			sourceTree = "<group>";
		};
		5C8844C32B66DB010041B9DA /* Views */ = {
			isa = PBXGroup;
			children = (
				5C1F0EBB2B72113B003B716B /* Cell */,
				5C8844C42B66DB1B0041B9DA /* HomeBottomControlsStackView.swift */,
				5C8844C62B66E1B40041B9DA /* TopNavigationStackView.swift */,
				5C8844C82B678FB40041B9DA /* CardView.swift */,
				5C1A654F2B83B76D00BD8E4D /* MatchView.swift */,
			);
			path = Views;
			sourceTree = "<group>";
		};
		5C8844CA2B67B4A20041B9DA /* Model */ = {
			isa = PBXGroup;
			children = (
				5C8844CB2B67B4AB0041B9DA /* User.swift */,
				5C8844D32B68D8E90041B9DA /* Advertiser.swift */,
				5C69CCF02B6CCCCF00D6125B /* Bindable.swift */,
			);
			path = Model;
			sourceTree = "<group>";
		};
		5C8844CF2B67D58B0041B9DA /* Controllers */ = {
			isa = PBXGroup;
			children = (
				5C3A46E22B7CEAE700DB0C9C /* User Details */,
				5C1B0DB62B6524810094915B /* HomeController.swift */,
				5C8844D52B6A4E270041B9DA /* RegistrationController.swift */,
				5C1F0EB92B70FB4C003B716B /* SettingsController.swift */,
				5C588FA22B7A1A1200CD7478 /* LoginController.swift */,
				5CF3148D2B85E5DA00541309 /* MessageController.swift */,
			);
			path = Controllers;
			sourceTree = "<group>";
		};
		5C8844D02B67D9700041B9DA /* ViewModels */ = {
			isa = PBXGroup;
			children = (
				5C8844D12B67D9860041B9DA /* CardViewModel.swift */,
				5C69CCB22B6BBDFD00D6125B /* RegistrationViewModel.swift */,
				5C588FA72B7A34D800CD7478 /* LoginViewModel.swift */,
			);
			path = ViewModels;
			sourceTree = "<group>";
		};
/* End PBXGroup section */

/* Begin PBXNativeTarget section */
		5C1B0DAE2B6524810094915B /* Tinder */ = {
			isa = PBXNativeTarget;
			buildConfigurationList = 5C1B0DC32B6524820094915B /* Build configuration list for PBXNativeTarget "Tinder" */;
			buildPhases = (
				5C1B0DAB2B6524810094915B /* Sources */,
				5C1B0DAC2B6524810094915B /* Frameworks */,
				5C1B0DAD2B6524810094915B /* Resources */,
			);
			buildRules = (
			);
			dependencies = (
			);
			name = Tinder;
			packageProductDependencies = (
				5C69CCB52B6BF55800D6125B /* FirebaseAnalytics */,
				5C69CCB72B6BF55800D6125B /* FirebaseAnalyticsOnDeviceConversion */,
				5C69CCB92B6BF55800D6125B /* FirebaseAnalyticsSwift */,
				5C69CCBB2B6BF55800D6125B /* FirebaseAnalyticsWithoutAdIdSupport */,
				5C69CCBD2B6BF55800D6125B /* FirebaseAppCheck */,
				5C69CCBF2B6BF55800D6125B /* FirebaseAppDistribution-Beta */,
				5C69CCC12B6BF55800D6125B /* FirebaseAuth */,
				5C69CCC32B6BF55800D6125B /* FirebaseAuthCombine-Community */,
				5C69CCC52B6BF55800D6125B /* FirebaseCrashlytics */,
				5C69CCC72B6BF55800D6125B /* FirebaseDatabase */,
				5C69CCC92B6BF55800D6125B /* FirebaseDatabaseSwift */,
				5C69CCCB2B6BF55800D6125B /* FirebaseDynamicLinks */,
				5C69CCCD2B6BF55800D6125B /* FirebaseFirestore */,
				5C69CCCF2B6BF55800D6125B /* FirebaseFirestoreCombine-Community */,
				5C69CCD12B6BF55800D6125B /* FirebaseFirestoreSwift */,
				5C69CCD32B6BF55800D6125B /* FirebaseFunctions */,
				5C69CCD52B6BF55800D6125B /* FirebaseFunctionsCombine-Community */,
				5C69CCD72B6BF55800D6125B /* FirebaseInAppMessaging-Beta */,
				5C69CCD92B6BF55800D6125B /* FirebaseInAppMessagingSwift-Beta */,
				5C69CCDB2B6BF55800D6125B /* FirebaseInstallations */,
				5C69CCDD2B6BF55800D6125B /* FirebaseMLModelDownloader */,
				5C69CCDF2B6BF55800D6125B /* FirebaseMessaging */,
				5C69CCE12B6BF55800D6125B /* FirebasePerformance */,
				5C69CCE32B6BF55800D6125B /* FirebaseRemoteConfig */,
				5C69CCE52B6BF55800D6125B /* FirebaseRemoteConfigSwift */,
				5C69CCE72B6BF55800D6125B /* FirebaseStorage */,
				5C69CCE92B6BF55800D6125B /* FirebaseStorageCombine-Community */,
				5C69CCEE2B6C026300D6125B /* JGProgressHUD */,
				5C69CCF32B6D2FD300D6125B /* SDWebImage */,
				5C69CCF52B6D2FD300D6125B /* SDWebImageMapKit */,
				5CF314902B85F08500541309 /* LBTATools */,
			);
			productName = Tinder;
			productReference = 5C1B0DAF2B6524810094915B /* Tinder.app */;
			productType = "com.apple.product-type.application";
		};
/* End PBXNativeTarget section */

/* Begin PBXProject section */
		5C1B0DA72B6524810094915B /* Project object */ = {
			isa = PBXProject;
			attributes = {
				BuildIndependentTargetsInParallel = 1;
				LastSwiftUpdateCheck = 1520;
				LastUpgradeCheck = 1520;
				TargetAttributes = {
					5C1B0DAE2B6524810094915B = {
						CreatedOnToolsVersion = 15.2;
					};
				};
			};
			buildConfigurationList = 5C1B0DAA2B6524810094915B /* Build configuration list for PBXProject "Tinder" */;
			compatibilityVersion = "Xcode 14.0";
			developmentRegion = en;
			hasScannedForEncodings = 0;
			knownRegions = (
				en,
				Base,
			);
			mainGroup = 5C1B0DA62B6524810094915B;
			packageReferences = (
				5C69CCB42B6BF55800D6125B /* XCRemoteSwiftPackageReference "firebase-ios-sdk" */,
				5C69CCED2B6C026300D6125B /* XCRemoteSwiftPackageReference "JGProgressHUD" */,
				5C69CCF22B6D2FD300D6125B /* XCRemoteSwiftPackageReference "SDWebImage" */,
				5CF3148F2B85F08500541309 /* XCRemoteSwiftPackageReference "LBTATools" */,
			);
			productRefGroup = 5C1B0DB02B6524810094915B /* Products */;
			projectDirPath = "";
			projectRoot = "";
			targets = (
				5C1B0DAE2B6524810094915B /* Tinder */,
			);
		};
/* End PBXProject section */

/* Begin PBXResourcesBuildPhase section */
		5C1B0DAD2B6524810094915B /* Resources */ = {
			isa = PBXResourcesBuildPhase;
			buildActionMask = 2147483647;
			files = (
				5C1B0DBF2B6524820094915B /* LaunchScreen.storyboard in Resources */,
				5C69CCEC2B6BFC5000D6125B /* GoogleService-Info.plist in Resources */,
				5C1B0DBC2B6524820094915B /* Assets.xcassets in Resources */,
				5C1B0DBA2B6524810094915B /* Main.storyboard in Resources */,
			);
			runOnlyForDeploymentPostprocessing = 0;
		};
/* End PBXResourcesBuildPhase section */

/* Begin PBXSourcesBuildPhase section */
		5C1B0DAB2B6524810094915B /* Sources */ = {
			isa = PBXSourcesBuildPhase;
			buildActionMask = 2147483647;
			files = (
				5C588FA32B7A1A1200CD7478 /* LoginController.swift in Sources */,
				5CBA60602B7FED7900127118 /* PhotoController.swift in Sources */,
				5CF314932B861E3900541309 /* MessageCustomNavBar.swift in Sources */,
				5C1A654E2B83A84200BD8E4D /* Extension+UIView.swift in Sources */,
				5C3A46E02B7B55AB00DB0C9C /* DetailController.swift in Sources */,
				5C8844C92B678FB40041B9DA /* CardView.swift in Sources */,
				5C1A65542B84C26200BD8E4D /* GradientButtonBorder.swift in Sources */,
				5C8844CE2B67C5640041B9DA /* VerticalStackView.swift in Sources */,
				5C1A65502B83B76D00BD8E4D /* MatchView.swift in Sources */,
				5C8844D42B68D8E90041B9DA /* Advertiser.swift in Sources */,
				5C1F0EBD2B72139C003B716B /* SettingsCell.swift in Sources */,
				5C69CCB32B6BBDFD00D6125B /* RegistrationViewModel.swift in Sources */,
				5C8844C72B66E1B40041B9DA /* TopNavigationStackView.swift in Sources */,
				5C69CCF12B6CCCCF00D6125B /* Bindable.swift in Sources */,
				5C588FA82B7A34D800CD7478 /* LoginViewModel.swift in Sources */,
				5C1B0DB72B6524810094915B /* HomeController.swift in Sources */,
				5C8844D22B67D9860041B9DA /* CardViewModel.swift in Sources */,
				5C588F9D2B76269200CD7478 /* AgeRangeCell.swift in Sources */,
				5C1F0EBA2B70FB4C003B716B /* SettingsController.swift in Sources */,
				5C1B0DB32B6524810094915B /* AppDelegate.swift in Sources */,
				5C8844CC2B67B4AB0041B9DA /* User.swift in Sources */,
				5C8844C52B66DB1B0041B9DA /* HomeBottomControlsStackView.swift in Sources */,
				5C8844D62B6A4E270041B9DA /* RegistrationController.swift in Sources */,
				5CF3148E2B85E5DA00541309 /* MessageController.swift in Sources */,
				5C8844D82B6ABBBF0041B9DA /* CustomTextfield.swift in Sources */,
				5C1A65522B84BF5200BD8E4D /* GradientButton.swift in Sources */,
				5C3A46E62B7CEB4000DB0C9C /* SwipingPhotosController.swift in Sources */,
				5C1B0DB52B6524810094915B /* SceneDelegate.swift in Sources */,
			);
			runOnlyForDeploymentPostprocessing = 0;
		};
/* End PBXSourcesBuildPhase section */

/* Begin PBXVariantGroup section */
		5C1B0DB82B6524810094915B /* Main.storyboard */ = {
			isa = PBXVariantGroup;
			children = (
				5C1B0DB92B6524810094915B /* Base */,
			);
			name = Main.storyboard;
			sourceTree = "<group>";
		};
		5C1B0DBD2B6524820094915B /* LaunchScreen.storyboard */ = {
			isa = PBXVariantGroup;
			children = (
				5C1B0DBE2B6524820094915B /* Base */,
			);
			name = LaunchScreen.storyboard;
			sourceTree = "<group>";
		};
/* End PBXVariantGroup section */

/* Begin XCBuildConfiguration section */
		5C1B0DC12B6524820094915B /* Debug */ = {
			isa = XCBuildConfiguration;
			buildSettings = {
				ALWAYS_SEARCH_USER_PATHS = NO;
				ASSETCATALOG_COMPILER_GENERATE_SWIFT_ASSET_SYMBOL_EXTENSIONS = YES;
				CLANG_ANALYZER_NONNULL = YES;
				CLANG_ANALYZER_NUMBER_OBJECT_CONVERSION = YES_AGGRESSIVE;
				CLANG_CXX_LANGUAGE_STANDARD = "gnu++20";
				CLANG_ENABLE_MODULES = YES;
				CLANG_ENABLE_OBJC_ARC = YES;
				CLANG_ENABLE_OBJC_WEAK = YES;
				CLANG_WARN_BLOCK_CAPTURE_AUTORELEASING = YES;
				CLANG_WARN_BOOL_CONVERSION = YES;
				CLANG_WARN_COMMA = YES;
				CLANG_WARN_CONSTANT_CONVERSION = YES;
				CLANG_WARN_DEPRECATED_OBJC_IMPLEMENTATIONS = YES;
				CLANG_WARN_DIRECT_OBJC_ISA_USAGE = YES_ERROR;
				CLANG_WARN_DOCUMENTATION_COMMENTS = YES;
				CLANG_WARN_EMPTY_BODY = YES;
				CLANG_WARN_ENUM_CONVERSION = YES;
				CLANG_WARN_INFINITE_RECURSION = YES;
				CLANG_WARN_INT_CONVERSION = YES;
				CLANG_WARN_NON_LITERAL_NULL_CONVERSION = YES;
				CLANG_WARN_OBJC_IMPLICIT_RETAIN_SELF = YES;
				CLANG_WARN_OBJC_LITERAL_CONVERSION = YES;
				CLANG_WARN_OBJC_ROOT_CLASS = YES_ERROR;
				CLANG_WARN_QUOTED_INCLUDE_IN_FRAMEWORK_HEADER = YES;
				CLANG_WARN_RANGE_LOOP_ANALYSIS = YES;
				CLANG_WARN_STRICT_PROTOTYPES = YES;
				CLANG_WARN_SUSPICIOUS_MOVE = YES;
				CLANG_WARN_UNGUARDED_AVAILABILITY = YES_AGGRESSIVE;
				CLANG_WARN_UNREACHABLE_CODE = YES;
				CLANG_WARN__DUPLICATE_METHOD_MATCH = YES;
				COPY_PHASE_STRIP = NO;
				DEBUG_INFORMATION_FORMAT = dwarf;
				ENABLE_STRICT_OBJC_MSGSEND = YES;
				ENABLE_TESTABILITY = YES;
				ENABLE_USER_SCRIPT_SANDBOXING = YES;
				GCC_C_LANGUAGE_STANDARD = gnu17;
				GCC_DYNAMIC_NO_PIC = NO;
				GCC_NO_COMMON_BLOCKS = YES;
				GCC_OPTIMIZATION_LEVEL = 0;
				GCC_PREPROCESSOR_DEFINITIONS = (
					"DEBUG=1",
					"$(inherited)",
				);
				GCC_WARN_64_TO_32_BIT_CONVERSION = YES;
				GCC_WARN_ABOUT_RETURN_TYPE = YES_ERROR;
				GCC_WARN_UNDECLARED_SELECTOR = YES;
				GCC_WARN_UNINITIALIZED_AUTOS = YES_AGGRESSIVE;
				GCC_WARN_UNUSED_FUNCTION = YES;
				GCC_WARN_UNUSED_VARIABLE = YES;
				IPHONEOS_DEPLOYMENT_TARGET = 17.2;
				LOCALIZATION_PREFERS_STRING_CATALOGS = YES;
				MTL_ENABLE_DEBUG_INFO = INCLUDE_SOURCE;
				MTL_FAST_MATH = YES;
				ONLY_ACTIVE_ARCH = YES;
				SDKROOT = iphoneos;
				SWIFT_ACTIVE_COMPILATION_CONDITIONS = "DEBUG $(inherited)";
				SWIFT_OPTIMIZATION_LEVEL = "-Onone";
			};
			name = Debug;
		};
		5C1B0DC22B6524820094915B /* Release */ = {
			isa = XCBuildConfiguration;
			buildSettings = {
				ALWAYS_SEARCH_USER_PATHS = NO;
				ASSETCATALOG_COMPILER_GENERATE_SWIFT_ASSET_SYMBOL_EXTENSIONS = YES;
				CLANG_ANALYZER_NONNULL = YES;
				CLANG_ANALYZER_NUMBER_OBJECT_CONVERSION = YES_AGGRESSIVE;
				CLANG_CXX_LANGUAGE_STANDARD = "gnu++20";
				CLANG_ENABLE_MODULES = YES;
				CLANG_ENABLE_OBJC_ARC = YES;
				CLANG_ENABLE_OBJC_WEAK = YES;
				CLANG_WARN_BLOCK_CAPTURE_AUTORELEASING = YES;
				CLANG_WARN_BOOL_CONVERSION = YES;
				CLANG_WARN_COMMA = YES;
				CLANG_WARN_CONSTANT_CONVERSION = YES;
				CLANG_WARN_DEPRECATED_OBJC_IMPLEMENTATIONS = YES;
				CLANG_WARN_DIRECT_OBJC_ISA_USAGE = YES_ERROR;
				CLANG_WARN_DOCUMENTATION_COMMENTS = YES;
				CLANG_WARN_EMPTY_BODY = YES;
				CLANG_WARN_ENUM_CONVERSION = YES;
				CLANG_WARN_INFINITE_RECURSION = YES;
				CLANG_WARN_INT_CONVERSION = YES;
				CLANG_WARN_NON_LITERAL_NULL_CONVERSION = YES;
				CLANG_WARN_OBJC_IMPLICIT_RETAIN_SELF = YES;
				CLANG_WARN_OBJC_LITERAL_CONVERSION = YES;
				CLANG_WARN_OBJC_ROOT_CLASS = YES_ERROR;
				CLANG_WARN_QUOTED_INCLUDE_IN_FRAMEWORK_HEADER = YES;
				CLANG_WARN_RANGE_LOOP_ANALYSIS = YES;
				CLANG_WARN_STRICT_PROTOTYPES = YES;
				CLANG_WARN_SUSPICIOUS_MOVE = YES;
				CLANG_WARN_UNGUARDED_AVAILABILITY = YES_AGGRESSIVE;
				CLANG_WARN_UNREACHABLE_CODE = YES;
				CLANG_WARN__DUPLICATE_METHOD_MATCH = YES;
				COPY_PHASE_STRIP = NO;
				DEBUG_INFORMATION_FORMAT = "dwarf-with-dsym";
				ENABLE_NS_ASSERTIONS = NO;
				ENABLE_STRICT_OBJC_MSGSEND = YES;
				ENABLE_USER_SCRIPT_SANDBOXING = YES;
				GCC_C_LANGUAGE_STANDARD = gnu17;
				GCC_NO_COMMON_BLOCKS = YES;
				GCC_WARN_64_TO_32_BIT_CONVERSION = YES;
				GCC_WARN_ABOUT_RETURN_TYPE = YES_ERROR;
				GCC_WARN_UNDECLARED_SELECTOR = YES;
				GCC_WARN_UNINITIALIZED_AUTOS = YES_AGGRESSIVE;
				GCC_WARN_UNUSED_FUNCTION = YES;
				GCC_WARN_UNUSED_VARIABLE = YES;
				IPHONEOS_DEPLOYMENT_TARGET = 17.2;
				LOCALIZATION_PREFERS_STRING_CATALOGS = YES;
				MTL_ENABLE_DEBUG_INFO = NO;
				MTL_FAST_MATH = YES;
				SDKROOT = iphoneos;
				SWIFT_COMPILATION_MODE = wholemodule;
				VALIDATE_PRODUCT = YES;
			};
			name = Release;
		};
		5C1B0DC42B6524820094915B /* Debug */ = {
			isa = XCBuildConfiguration;
			buildSettings = {
				ASSETCATALOG_COMPILER_APPICON_NAME = AppIcon;
				ASSETCATALOG_COMPILER_GLOBAL_ACCENT_COLOR_NAME = AccentColor;
				CODE_SIGN_STYLE = Automatic;
				CURRENT_PROJECT_VERSION = 1;
				DEVELOPMENT_TEAM = 6N4HMYH8YX;
				GENERATE_INFOPLIST_FILE = YES;
				INFOPLIST_FILE = Tinder/Info.plist;
				INFOPLIST_KEY_UIApplicationSupportsIndirectInputEvents = YES;
				INFOPLIST_KEY_UILaunchStoryboardName = LaunchScreen;
				INFOPLIST_KEY_UIMainStoryboardFile = Main;
				INFOPLIST_KEY_UISupportedInterfaceOrientations_iPad = "UIInterfaceOrientationPortrait UIInterfaceOrientationPortraitUpsideDown UIInterfaceOrientationLandscapeLeft UIInterfaceOrientationLandscapeRight";
				INFOPLIST_KEY_UISupportedInterfaceOrientations_iPhone = "UIInterfaceOrientationPortrait UIInterfaceOrientationLandscapeLeft UIInterfaceOrientationLandscapeRight";
				IPHONEOS_DEPLOYMENT_TARGET = 15.0;
				LD_RUNPATH_SEARCH_PATHS = (
					"$(inherited)",
					"@executable_path/Frameworks",
				);
				MARKETING_VERSION = 1.0;
				PRODUCT_BUNDLE_IDENTIFIER = com.turancabuk.Tinder;
				PRODUCT_NAME = "$(TARGET_NAME)";
				SWIFT_EMIT_LOC_STRINGS = YES;
				SWIFT_VERSION = 5.0;
				TARGETED_DEVICE_FAMILY = "1,2";
			};
			name = Debug;
		};
		5C1B0DC52B6524820094915B /* Release */ = {
			isa = XCBuildConfiguration;
			buildSettings = {
				ASSETCATALOG_COMPILER_APPICON_NAME = AppIcon;
				ASSETCATALOG_COMPILER_GLOBAL_ACCENT_COLOR_NAME = AccentColor;
				CODE_SIGN_STYLE = Automatic;
				CURRENT_PROJECT_VERSION = 1;
				DEVELOPMENT_TEAM = 6N4HMYH8YX;
				GENERATE_INFOPLIST_FILE = YES;
				INFOPLIST_FILE = Tinder/Info.plist;
				INFOPLIST_KEY_UIApplicationSupportsIndirectInputEvents = YES;
				INFOPLIST_KEY_UILaunchStoryboardName = LaunchScreen;
				INFOPLIST_KEY_UIMainStoryboardFile = Main;
				INFOPLIST_KEY_UISupportedInterfaceOrientations_iPad = "UIInterfaceOrientationPortrait UIInterfaceOrientationPortraitUpsideDown UIInterfaceOrientationLandscapeLeft UIInterfaceOrientationLandscapeRight";
				INFOPLIST_KEY_UISupportedInterfaceOrientations_iPhone = "UIInterfaceOrientationPortrait UIInterfaceOrientationLandscapeLeft UIInterfaceOrientationLandscapeRight";
				IPHONEOS_DEPLOYMENT_TARGET = 15.0;
				LD_RUNPATH_SEARCH_PATHS = (
					"$(inherited)",
					"@executable_path/Frameworks",
				);
				MARKETING_VERSION = 1.0;
				PRODUCT_BUNDLE_IDENTIFIER = com.turancabuk.Tinder;
				PRODUCT_NAME = "$(TARGET_NAME)";
				SWIFT_EMIT_LOC_STRINGS = YES;
				SWIFT_VERSION = 5.0;
				TARGETED_DEVICE_FAMILY = "1,2";
			};
			name = Release;
		};
/* End XCBuildConfiguration section */

/* Begin XCConfigurationList section */
		5C1B0DAA2B6524810094915B /* Build configuration list for PBXProject "Tinder" */ = {
			isa = XCConfigurationList;
			buildConfigurations = (
				5C1B0DC12B6524820094915B /* Debug */,
				5C1B0DC22B6524820094915B /* Release */,
			);
			defaultConfigurationIsVisible = 0;
			defaultConfigurationName = Release;
		};
		5C1B0DC32B6524820094915B /* Build configuration list for PBXNativeTarget "Tinder" */ = {
			isa = XCConfigurationList;
			buildConfigurations = (
				5C1B0DC42B6524820094915B /* Debug */,
				5C1B0DC52B6524820094915B /* Release */,
			);
			defaultConfigurationIsVisible = 0;
			defaultConfigurationName = Release;
		};
/* End XCConfigurationList section */

/* Begin XCRemoteSwiftPackageReference section */
		5C69CCB42B6BF55800D6125B /* XCRemoteSwiftPackageReference "firebase-ios-sdk" */ = {
			isa = XCRemoteSwiftPackageReference;
			repositoryURL = "https://github.com/firebase/firebase-ios-sdk.git";
			requirement = {
				kind = upToNextMajorVersion;
				minimumVersion = 10.20.0;
			};
		};
		5C69CCED2B6C026300D6125B /* XCRemoteSwiftPackageReference "JGProgressHUD" */ = {
			isa = XCRemoteSwiftPackageReference;
			repositoryURL = "https://github.com/JonasGessner/JGProgressHUD.git";
			requirement = {
				kind = upToNextMajorVersion;
				minimumVersion = 2.2.0;
			};
		};
		5C69CCF22B6D2FD300D6125B /* XCRemoteSwiftPackageReference "SDWebImage" */ = {
			isa = XCRemoteSwiftPackageReference;
			repositoryURL = "https://github.com/SDWebImage/SDWebImage.git";
			requirement = {
				kind = upToNextMajorVersion;
				minimumVersion = 5.18.10;
			};
		};
		5CF3148F2B85F08500541309 /* XCRemoteSwiftPackageReference "LBTATools" */ = {
			isa = XCRemoteSwiftPackageReference;
			repositoryURL = "https://github.com/bhlvoong/LBTATools.git";
			requirement = {
				kind = upToNextMajorVersion;
				minimumVersion = 1.0.17;
			};
		};
/* End XCRemoteSwiftPackageReference section */

/* Begin XCSwiftPackageProductDependency section */
		5C69CCB52B6BF55800D6125B /* FirebaseAnalytics */ = {
			isa = XCSwiftPackageProductDependency;
			package = 5C69CCB42B6BF55800D6125B /* XCRemoteSwiftPackageReference "firebase-ios-sdk" */;
			productName = FirebaseAnalytics;
		};
		5C69CCB72B6BF55800D6125B /* FirebaseAnalyticsOnDeviceConversion */ = {
			isa = XCSwiftPackageProductDependency;
			package = 5C69CCB42B6BF55800D6125B /* XCRemoteSwiftPackageReference "firebase-ios-sdk" */;
			productName = FirebaseAnalyticsOnDeviceConversion;
		};
		5C69CCB92B6BF55800D6125B /* FirebaseAnalyticsSwift */ = {
			isa = XCSwiftPackageProductDependency;
			package = 5C69CCB42B6BF55800D6125B /* XCRemoteSwiftPackageReference "firebase-ios-sdk" */;
			productName = FirebaseAnalyticsSwift;
		};
		5C69CCBB2B6BF55800D6125B /* FirebaseAnalyticsWithoutAdIdSupport */ = {
			isa = XCSwiftPackageProductDependency;
			package = 5C69CCB42B6BF55800D6125B /* XCRemoteSwiftPackageReference "firebase-ios-sdk" */;
			productName = FirebaseAnalyticsWithoutAdIdSupport;
		};
		5C69CCBD2B6BF55800D6125B /* FirebaseAppCheck */ = {
			isa = XCSwiftPackageProductDependency;
			package = 5C69CCB42B6BF55800D6125B /* XCRemoteSwiftPackageReference "firebase-ios-sdk" */;
			productName = FirebaseAppCheck;
		};
		5C69CCBF2B6BF55800D6125B /* FirebaseAppDistribution-Beta */ = {
			isa = XCSwiftPackageProductDependency;
			package = 5C69CCB42B6BF55800D6125B /* XCRemoteSwiftPackageReference "firebase-ios-sdk" */;
			productName = "FirebaseAppDistribution-Beta";
		};
		5C69CCC12B6BF55800D6125B /* FirebaseAuth */ = {
			isa = XCSwiftPackageProductDependency;
			package = 5C69CCB42B6BF55800D6125B /* XCRemoteSwiftPackageReference "firebase-ios-sdk" */;
			productName = FirebaseAuth;
		};
		5C69CCC32B6BF55800D6125B /* FirebaseAuthCombine-Community */ = {
			isa = XCSwiftPackageProductDependency;
			package = 5C69CCB42B6BF55800D6125B /* XCRemoteSwiftPackageReference "firebase-ios-sdk" */;
			productName = "FirebaseAuthCombine-Community";
		};
		5C69CCC52B6BF55800D6125B /* FirebaseCrashlytics */ = {
			isa = XCSwiftPackageProductDependency;
			package = 5C69CCB42B6BF55800D6125B /* XCRemoteSwiftPackageReference "firebase-ios-sdk" */;
			productName = FirebaseCrashlytics;
		};
		5C69CCC72B6BF55800D6125B /* FirebaseDatabase */ = {
			isa = XCSwiftPackageProductDependency;
			package = 5C69CCB42B6BF55800D6125B /* XCRemoteSwiftPackageReference "firebase-ios-sdk" */;
			productName = FirebaseDatabase;
		};
		5C69CCC92B6BF55800D6125B /* FirebaseDatabaseSwift */ = {
			isa = XCSwiftPackageProductDependency;
			package = 5C69CCB42B6BF55800D6125B /* XCRemoteSwiftPackageReference "firebase-ios-sdk" */;
			productName = FirebaseDatabaseSwift;
		};
		5C69CCCB2B6BF55800D6125B /* FirebaseDynamicLinks */ = {
			isa = XCSwiftPackageProductDependency;
			package = 5C69CCB42B6BF55800D6125B /* XCRemoteSwiftPackageReference "firebase-ios-sdk" */;
			productName = FirebaseDynamicLinks;
		};
		5C69CCCD2B6BF55800D6125B /* FirebaseFirestore */ = {
			isa = XCSwiftPackageProductDependency;
			package = 5C69CCB42B6BF55800D6125B /* XCRemoteSwiftPackageReference "firebase-ios-sdk" */;
			productName = FirebaseFirestore;
		};
		5C69CCCF2B6BF55800D6125B /* FirebaseFirestoreCombine-Community */ = {
			isa = XCSwiftPackageProductDependency;
			package = 5C69CCB42B6BF55800D6125B /* XCRemoteSwiftPackageReference "firebase-ios-sdk" */;
			productName = "FirebaseFirestoreCombine-Community";
		};
		5C69CCD12B6BF55800D6125B /* FirebaseFirestoreSwift */ = {
			isa = XCSwiftPackageProductDependency;
			package = 5C69CCB42B6BF55800D6125B /* XCRemoteSwiftPackageReference "firebase-ios-sdk" */;
			productName = FirebaseFirestoreSwift;
		};
		5C69CCD32B6BF55800D6125B /* FirebaseFunctions */ = {
			isa = XCSwiftPackageProductDependency;
			package = 5C69CCB42B6BF55800D6125B /* XCRemoteSwiftPackageReference "firebase-ios-sdk" */;
			productName = FirebaseFunctions;
		};
		5C69CCD52B6BF55800D6125B /* FirebaseFunctionsCombine-Community */ = {
			isa = XCSwiftPackageProductDependency;
			package = 5C69CCB42B6BF55800D6125B /* XCRemoteSwiftPackageReference "firebase-ios-sdk" */;
			productName = "FirebaseFunctionsCombine-Community";
		};
		5C69CCD72B6BF55800D6125B /* FirebaseInAppMessaging-Beta */ = {
			isa = XCSwiftPackageProductDependency;
			package = 5C69CCB42B6BF55800D6125B /* XCRemoteSwiftPackageReference "firebase-ios-sdk" */;
			productName = "FirebaseInAppMessaging-Beta";
		};
		5C69CCD92B6BF55800D6125B /* FirebaseInAppMessagingSwift-Beta */ = {
			isa = XCSwiftPackageProductDependency;
			package = 5C69CCB42B6BF55800D6125B /* XCRemoteSwiftPackageReference "firebase-ios-sdk" */;
			productName = "FirebaseInAppMessagingSwift-Beta";
		};
		5C69CCDB2B6BF55800D6125B /* FirebaseInstallations */ = {
			isa = XCSwiftPackageProductDependency;
			package = 5C69CCB42B6BF55800D6125B /* XCRemoteSwiftPackageReference "firebase-ios-sdk" */;
			productName = FirebaseInstallations;
		};
		5C69CCDD2B6BF55800D6125B /* FirebaseMLModelDownloader */ = {
			isa = XCSwiftPackageProductDependency;
			package = 5C69CCB42B6BF55800D6125B /* XCRemoteSwiftPackageReference "firebase-ios-sdk" */;
			productName = FirebaseMLModelDownloader;
		};
		5C69CCDF2B6BF55800D6125B /* FirebaseMessaging */ = {
			isa = XCSwiftPackageProductDependency;
			package = 5C69CCB42B6BF55800D6125B /* XCRemoteSwiftPackageReference "firebase-ios-sdk" */;
			productName = FirebaseMessaging;
		};
		5C69CCE12B6BF55800D6125B /* FirebasePerformance */ = {
			isa = XCSwiftPackageProductDependency;
			package = 5C69CCB42B6BF55800D6125B /* XCRemoteSwiftPackageReference "firebase-ios-sdk" */;
			productName = FirebasePerformance;
		};
		5C69CCE32B6BF55800D6125B /* FirebaseRemoteConfig */ = {
			isa = XCSwiftPackageProductDependency;
			package = 5C69CCB42B6BF55800D6125B /* XCRemoteSwiftPackageReference "firebase-ios-sdk" */;
			productName = FirebaseRemoteConfig;
		};
		5C69CCE52B6BF55800D6125B /* FirebaseRemoteConfigSwift */ = {
			isa = XCSwiftPackageProductDependency;
			package = 5C69CCB42B6BF55800D6125B /* XCRemoteSwiftPackageReference "firebase-ios-sdk" */;
			productName = FirebaseRemoteConfigSwift;
		};
		5C69CCE72B6BF55800D6125B /* FirebaseStorage */ = {
			isa = XCSwiftPackageProductDependency;
			package = 5C69CCB42B6BF55800D6125B /* XCRemoteSwiftPackageReference "firebase-ios-sdk" */;
			productName = FirebaseStorage;
		};
		5C69CCE92B6BF55800D6125B /* FirebaseStorageCombine-Community */ = {
			isa = XCSwiftPackageProductDependency;
			package = 5C69CCB42B6BF55800D6125B /* XCRemoteSwiftPackageReference "firebase-ios-sdk" */;
			productName = "FirebaseStorageCombine-Community";
		};
		5C69CCEE2B6C026300D6125B /* JGProgressHUD */ = {
			isa = XCSwiftPackageProductDependency;
			package = 5C69CCED2B6C026300D6125B /* XCRemoteSwiftPackageReference "JGProgressHUD" */;
			productName = JGProgressHUD;
		};
		5C69CCF32B6D2FD300D6125B /* SDWebImage */ = {
			isa = XCSwiftPackageProductDependency;
			package = 5C69CCF22B6D2FD300D6125B /* XCRemoteSwiftPackageReference "SDWebImage" */;
			productName = SDWebImage;
		};
		5C69CCF52B6D2FD300D6125B /* SDWebImageMapKit */ = {
			isa = XCSwiftPackageProductDependency;
			package = 5C69CCF22B6D2FD300D6125B /* XCRemoteSwiftPackageReference "SDWebImage" */;
			productName = SDWebImageMapKit;
		};
		5CF314902B85F08500541309 /* LBTATools */ = {
			isa = XCSwiftPackageProductDependency;
			package = 5CF3148F2B85F08500541309 /* XCRemoteSwiftPackageReference "LBTATools" */;
			productName = LBTATools;
		};
/* End XCSwiftPackageProductDependency section */
	};
	rootObject = 5C1B0DA72B6524810094915B /* Project object */;
}
